
Microsoft Visual Studio Solution File, Format Version 12.00
# Visual Studio Version 17
VisualStudioVersion = 17.0.31903.59
MinimumVisualStudioVersion = 10.0.40219.1
Project("{FAE04EC0-301F-11D3-BF4B-00C04F79EFBC}") = "ES_smilla", "ES_smilla\ES_smilla.csproj", "{0CCC4330-344F-42E0-8F20-750D98612966}"
EndProject
Project("{FAE04EC0-301F-11D3-BF4B-00C04F79EFBC}") = "Preparazione", "Preparazione\Preparazione.csproj", "{4564C13E-728C-4D13-B927-D5E9D07D0CF5}"
EndProject
Project("{FAE04EC0-301F-11D3-BF4B-00C04F79EFBC}") = "ES_sqlit", "ES_sqlit\ES_sqlit.csproj", "{01CC1A3B-1DC7-4ECA-B925-2E025EA7BA71}"
EndProject
Global
	GlobalSection(SolutionConfigurationPlatforms) = preSolution
		Debug|Any CPU = Debug|Any CPU
		Debug|x64 = Debug|x64
		Debug|x86 = Debug|x86
		Release|Any CPU = Release|Any CPU
		Release|x64 = Release|x64
		Release|x86 = Release|x86
	EndGlobalSection
	GlobalSection(ProjectConfigurationPlatforms) = postSolution
		{0CCC4330-344F-42E0-8F20-750D98612966}.Debug|Any CPU.ActiveCfg = Debug|Any CPU
		{0CCC4330-344F-42E0-8F20-750D98612966}.Debug|Any CPU.Build.0 = Debug|Any CPU
		{0CCC4330-344F-42E0-8F20-750D98612966}.Debug|x64.ActiveCfg = Debug|Any CPU
		{0CCC4330-344F-42E0-8F20-750D98612966}.Debug|x64.Build.0 = Debug|Any CPU
		{0CCC4330-344F-42E0-8F20-750D98612966}.Debug|x86.ActiveCfg = Debug|Any CPU
		{0CCC4330-344F-42E0-8F20-750D98612966}.Debug|x86.Build.0 = Debug|Any CPU
		{0CCC4330-344F-42E0-8F20-750D98612966}.Release|Any CPU.ActiveCfg = Release|Any CPU
		{0CCC4330-344F-42E0-8F20-750D98612966}.Release|Any CPU.Build.0 = Release|Any CPU
		{0CCC4330-344F-42E0-8F20-750D98612966}.Release|x64.ActiveCfg = Release|Any CPU
		{0CCC4330-344F-42E0-8F20-750D98612966}.Release|x64.Build.0 = Release|Any CPU
		{0CCC4330-344F-42E0-8F20-750D98612966}.Release|x86.ActiveCfg = Release|Any CPU
		{0CCC4330-344F-42E0-8F20-750D98612966}.Release|x86.Build.0 = Release|Any CPU
		{4564C13E-728C-4D13-B927-D5E9D07D0CF5}.Debug|Any CPU.ActiveCfg = Debug|Any CPU
		{4564C13E-728C-4D13-B927-D5E9D07D0CF5}.Debug|Any CPU.Build.0 = Debug|Any CPU
		{4564C13E-728C-4D13-B927-D5E9D07D0CF5}.Debug|x64.ActiveCfg = Debug|Any CPU
		{4564C13E-728C-4D13-B927-D5E9D07D0CF5}.Debug|x64.Build.0 = Debug|Any CPU
		{4564C13E-728C-4D13-B927-D5E9D07D0CF5}.Debug|x86.ActiveCfg = Debug|Any CPU
		{4564C13E-728C-4D13-B927-D5E9D07D0CF5}.Debug|x86.Build.0 = Debug|Any CPU
		{4564C13E-728C-4D13-B927-D5E9D07D0CF5}.Release|Any CPU.ActiveCfg = Release|Any CPU
		{4564C13E-728C-4D13-B927-D5E9D07D0CF5}.Release|Any CPU.Build.0 = Release|Any CPU
		{4564C13E-728C-4D13-B927-D5E9D07D0CF5}.Release|x64.ActiveCfg = Release|Any CPU
		{4564C13E-728C-4D13-B927-D5E9D07D0CF5}.Release|x64.Build.0 = Release|Any CPU
		{4564C13E-728C-4D13-B927-D5E9D07D0CF5}.Release|x86.ActiveCfg = Release|Any CPU
		{4564C13E-728C-4D13-B927-D5E9D07D0CF5}.Release|x86.Build.0 = Release|Any CPU
		{01CC1A3B-1DC7-4ECA-B925-2E025EA7BA71}.Debug|Any CPU.ActiveCfg = Debug|Any CPU
		{01CC1A3B-1DC7-4ECA-B925-2E025EA7BA71}.Debug|Any CPU.Build.0 = Debug|Any CPU
		{01CC1A3B-1DC7-4ECA-B925-2E025EA7BA71}.Debug|x64.ActiveCfg = Debug|Any CPU
		{01CC1A3B-1DC7-4ECA-B925-2E025EA7BA71}.Debug|x64.Build.0 = Debug|Any CPU
		{01CC1A3B-1DC7-4ECA-B925-2E025EA7BA71}.Debug|x86.ActiveCfg = Debug|Any CPU
		{01CC1A3B-1DC7-4ECA-B925-2E025EA7BA71}.Debug|x86.Build.0 = Debug|Any CPU
		{01CC1A3B-1DC7-4ECA-B925-2E025EA7BA71}.Release|Any CPU.ActiveCfg = Release|Any CPU
		{01CC1A3B-1DC7-4ECA-B925-2E025EA7BA71}.Release|Any CPU.Build.0 = Release|Any CPU
		{01CC1A3B-1DC7-4ECA-B925-2E025EA7BA71}.Release|x64.ActiveCfg = Release|Any CPU
		{01CC1A3B-1DC7-4ECA-B925-2E025EA7BA71}.Release|x64.Build.0 = Release|Any CPU
		{01CC1A3B-1DC7-4ECA-B925-2E025EA7BA71}.Release|x86.ActiveCfg = Release|Any CPU
		{01CC1A3B-1DC7-4ECA-B925-2E025EA7BA71}.Release|x86.Build.0 = Release|Any CPU
	EndGlobalSection
	GlobalSection(SolutionProperties) = preSolution
		HideSolutionNode = FALSE
	EndGlobalSection
EndGlobal
