
Microsoft Visual Studio Solution File, Format Version 12.00
# Visual Studio Version 17
VisualStudioVersion = 17.0.31903.59
MinimumVisualStudioVersion = 10.0.40219.1
Project("{FAE04EC0-301F-11D3-BF4B-00C04F79EFBC}") = "teoria_25_26", "teoria_25_26\teoria_25_26.csproj", "{53FB05DA-795B-42CF-ACAB-FBA5E8303D23}"
EndProject
Project("{FAE04EC0-301F-11D3-BF4B-00C04F79EFBC}") = "delegati", "delegati\delegati.csproj", "{E5C27C4C-2D37-446B-A74B-CA0CD671696C}"
EndProject
Project("{FAE04EC0-301F-11D3-BF4B-00C04F79EFBC}") = "multiCast_delegati", "multiCast_delegati\multiCast_delegati.csproj", "{70E900DC-3C6D-4C41-A313-F242915BAF48}"
EndProject
Project("{FAE04EC0-301F-11D3-BF4B-00C04F79EFBC}") = "lambdaExpression", "lambdaExpression\lambdaExpression.csproj", "{3FFDABC5-AB0D-4B32-B916-7A31B9B41D21}"
EndProject
Project("{FAE04EC0-301F-11D3-BF4B-00C04F79EFBC}") = "delegati_classi", "delegati_classi\delegati_classi.csproj", "{AC113DDD-968D-46E4-B6C4-DA20EB144727}"
EndProject
Project("{FAE04EC0-301F-11D3-BF4B-00C04F79EFBC}") = "delegateFunction_lambda", "delegateFunction_lambda\delegateFunction_lambda.csproj", "{0C4AF78A-C05E-4ADA-B6D7-3C1B595E6842}"
EndProject
Project("{FAE04EC0-301F-11D3-BF4B-00C04F79EFBC}") = "delegati_ricerca", "delegati_ricerca\delegati_ricerca.csproj", "{D780EA8F-10AF-4699-8F5C-BA75DA38D0D1}"
EndProject
Project("{FAE04EC0-301F-11D3-BF4B-00C04F79EFBC}") = "metodo_fluent", "metodo_fluent\metodo_fluent.csproj", "{ECE97A10-F308-40EA-83B5-965955B428CC}"
EndProject
Project("{FAE04EC0-301F-11D3-BF4B-00C04F79EFBC}") = "lista_con_func", "lista_con_func\lista_con_func.csproj", "{9A8644B2-48C6-43A4-815C-E8A84E57D01F}"
EndProject
Project("{FAE04EC0-301F-11D3-BF4B-00C04F79EFBC}") = "EfCore", "EfCore\EfCore.csproj", "{21D87FD4-49A7-4FEA-AA73-5105410F9A63}"
EndProject
Project("{FAE04EC0-301F-11D3-BF4B-00C04F79EFBC}") = "gestioneFatture", "gestioneFatture\gestioneFatture.csproj", "{866BE1C6-1BDD-442C-BA72-15EEB4643C19}"
EndProject
Project("{FAE04EC0-301F-11D3-BF4B-00C04F79EFBC}") = "Cars", "Cars\Cars.csproj", "{9C2D9CA5-B9B0-47B9-88AC-ECCD5B60D03B}"
EndProject
Project("{FAE04EC0-301F-11D3-BF4B-00C04F79EFBC}") = "Blog_con_più_post", "Blog_con_più_post\Blog_con_più_post.csproj", "{9FE40806-63CD-425C-93AB-FD5BDFF9F65A}"
EndProject
Project("{FAE04EC0-301F-11D3-BF4B-00C04F79EFBC}") = "Cars1", "Cars1\Cars1.csproj", "{EDA980CD-3724-4523-8C30-63BA9C21AC51}"
EndProject
Project("{FAE04EC0-301F-11D3-BF4B-00C04F79EFBC}") = "ClasseStudente", "ClasseStudente\ClasseStudente.csproj", "{3E6659C1-9E95-49EF-96AE-2749AE31CE84}"
EndProject
Global
	GlobalSection(SolutionConfigurationPlatforms) = preSolution
		Debug|Any CPU = Debug|Any CPU
		Debug|x64 = Debug|x64
		Debug|x86 = Debug|x86
		Release|Any CPU = Release|Any CPU
		Release|x64 = Release|x64
		Release|x86 = Release|x86
	EndGlobalSection
	GlobalSection(ProjectConfigurationPlatforms) = postSolution
		{53FB05DA-795B-42CF-ACAB-FBA5E8303D23}.Debug|Any CPU.ActiveCfg = Debug|Any CPU
		{53FB05DA-795B-42CF-ACAB-FBA5E8303D23}.Debug|Any CPU.Build.0 = Debug|Any CPU
		{53FB05DA-795B-42CF-ACAB-FBA5E8303D23}.Debug|x64.ActiveCfg = Debug|Any CPU
		{53FB05DA-795B-42CF-ACAB-FBA5E8303D23}.Debug|x64.Build.0 = Debug|Any CPU
		{53FB05DA-795B-42CF-ACAB-FBA5E8303D23}.Debug|x86.ActiveCfg = Debug|Any CPU
		{53FB05DA-795B-42CF-ACAB-FBA5E8303D23}.Debug|x86.Build.0 = Debug|Any CPU
		{53FB05DA-795B-42CF-ACAB-FBA5E8303D23}.Release|Any CPU.ActiveCfg = Release|Any CPU
		{53FB05DA-795B-42CF-ACAB-FBA5E8303D23}.Release|Any CPU.Build.0 = Release|Any CPU
		{53FB05DA-795B-42CF-ACAB-FBA5E8303D23}.Release|x64.ActiveCfg = Release|Any CPU
		{53FB05DA-795B-42CF-ACAB-FBA5E8303D23}.Release|x64.Build.0 = Release|Any CPU
		{53FB05DA-795B-42CF-ACAB-FBA5E8303D23}.Release|x86.ActiveCfg = Release|Any CPU
		{53FB05DA-795B-42CF-ACAB-FBA5E8303D23}.Release|x86.Build.0 = Release|Any CPU
		{E5C27C4C-2D37-446B-A74B-CA0CD671696C}.Debug|Any CPU.ActiveCfg = Debug|Any CPU
		{E5C27C4C-2D37-446B-A74B-CA0CD671696C}.Debug|Any CPU.Build.0 = Debug|Any CPU
		{E5C27C4C-2D37-446B-A74B-CA0CD671696C}.Debug|x64.ActiveCfg = Debug|Any CPU
		{E5C27C4C-2D37-446B-A74B-CA0CD671696C}.Debug|x64.Build.0 = Debug|Any CPU
		{E5C27C4C-2D37-446B-A74B-CA0CD671696C}.Debug|x86.ActiveCfg = Debug|Any CPU
		{E5C27C4C-2D37-446B-A74B-CA0CD671696C}.Debug|x86.Build.0 = Debug|Any CPU
		{E5C27C4C-2D37-446B-A74B-CA0CD671696C}.Release|Any CPU.ActiveCfg = Release|Any CPU
		{E5C27C4C-2D37-446B-A74B-CA0CD671696C}.Release|Any CPU.Build.0 = Release|Any CPU
		{E5C27C4C-2D37-446B-A74B-CA0CD671696C}.Release|x64.ActiveCfg = Release|Any CPU
		{E5C27C4C-2D37-446B-A74B-CA0CD671696C}.Release|x64.Build.0 = Release|Any CPU
		{E5C27C4C-2D37-446B-A74B-CA0CD671696C}.Release|x86.ActiveCfg = Release|Any CPU
		{E5C27C4C-2D37-446B-A74B-CA0CD671696C}.Release|x86.Build.0 = Release|Any CPU
		{70E900DC-3C6D-4C41-A313-F242915BAF48}.Debug|Any CPU.ActiveCfg = Debug|Any CPU
		{70E900DC-3C6D-4C41-A313-F242915BAF48}.Debug|Any CPU.Build.0 = Debug|Any CPU
		{70E900DC-3C6D-4C41-A313-F242915BAF48}.Debug|x64.ActiveCfg = Debug|Any CPU
		{70E900DC-3C6D-4C41-A313-F242915BAF48}.Debug|x64.Build.0 = Debug|Any CPU
		{70E900DC-3C6D-4C41-A313-F242915BAF48}.Debug|x86.ActiveCfg = Debug|Any CPU
		{70E900DC-3C6D-4C41-A313-F242915BAF48}.Debug|x86.Build.0 = Debug|Any CPU
		{70E900DC-3C6D-4C41-A313-F242915BAF48}.Release|Any CPU.ActiveCfg = Release|Any CPU
		{70E900DC-3C6D-4C41-A313-F242915BAF48}.Release|Any CPU.Build.0 = Release|Any CPU
		{70E900DC-3C6D-4C41-A313-F242915BAF48}.Release|x64.ActiveCfg = Release|Any CPU
		{70E900DC-3C6D-4C41-A313-F242915BAF48}.Release|x64.Build.0 = Release|Any CPU
		{70E900DC-3C6D-4C41-A313-F242915BAF48}.Release|x86.ActiveCfg = Release|Any CPU
		{70E900DC-3C6D-4C41-A313-F242915BAF48}.Release|x86.Build.0 = Release|Any CPU
		{3FFDABC5-AB0D-4B32-B916-7A31B9B41D21}.Debug|Any CPU.ActiveCfg = Debug|Any CPU
		{3FFDABC5-AB0D-4B32-B916-7A31B9B41D21}.Debug|Any CPU.Build.0 = Debug|Any CPU
		{3FFDABC5-AB0D-4B32-B916-7A31B9B41D21}.Debug|x64.ActiveCfg = Debug|Any CPU
		{3FFDABC5-AB0D-4B32-B916-7A31B9B41D21}.Debug|x64.Build.0 = Debug|Any CPU
		{3FFDABC5-AB0D-4B32-B916-7A31B9B41D21}.Debug|x86.ActiveCfg = Debug|Any CPU
		{3FFDABC5-AB0D-4B32-B916-7A31B9B41D21}.Debug|x86.Build.0 = Debug|Any CPU
		{3FFDABC5-AB0D-4B32-B916-7A31B9B41D21}.Release|Any CPU.ActiveCfg = Release|Any CPU
		{3FFDABC5-AB0D-4B32-B916-7A31B9B41D21}.Release|Any CPU.Build.0 = Release|Any CPU
		{3FFDABC5-AB0D-4B32-B916-7A31B9B41D21}.Release|x64.ActiveCfg = Release|Any CPU
		{3FFDABC5-AB0D-4B32-B916-7A31B9B41D21}.Release|x64.Build.0 = Release|Any CPU
		{3FFDABC5-AB0D-4B32-B916-7A31B9B41D21}.Release|x86.ActiveCfg = Release|Any CPU
		{3FFDABC5-AB0D-4B32-B916-7A31B9B41D21}.Release|x86.Build.0 = Release|Any CPU
		{AC113DDD-968D-46E4-B6C4-DA20EB144727}.Debug|Any CPU.ActiveCfg = Debug|Any CPU
		{AC113DDD-968D-46E4-B6C4-DA20EB144727}.Debug|Any CPU.Build.0 = Debug|Any CPU
		{AC113DDD-968D-46E4-B6C4-DA20EB144727}.Debug|x64.ActiveCfg = Debug|Any CPU
		{AC113DDD-968D-46E4-B6C4-DA20EB144727}.Debug|x64.Build.0 = Debug|Any CPU
		{AC113DDD-968D-46E4-B6C4-DA20EB144727}.Debug|x86.ActiveCfg = Debug|Any CPU
		{AC113DDD-968D-46E4-B6C4-DA20EB144727}.Debug|x86.Build.0 = Debug|Any CPU
		{AC113DDD-968D-46E4-B6C4-DA20EB144727}.Release|Any CPU.ActiveCfg = Release|Any CPU
		{AC113DDD-968D-46E4-B6C4-DA20EB144727}.Release|Any CPU.Build.0 = Release|Any CPU
		{AC113DDD-968D-46E4-B6C4-DA20EB144727}.Release|x64.ActiveCfg = Release|Any CPU
		{AC113DDD-968D-46E4-B6C4-DA20EB144727}.Release|x64.Build.0 = Release|Any CPU
		{AC113DDD-968D-46E4-B6C4-DA20EB144727}.Release|x86.ActiveCfg = Release|Any CPU
		{AC113DDD-968D-46E4-B6C4-DA20EB144727}.Release|x86.Build.0 = Release|Any CPU
		{0C4AF78A-C05E-4ADA-B6D7-3C1B595E6842}.Debug|Any CPU.ActiveCfg = Debug|Any CPU
		{0C4AF78A-C05E-4ADA-B6D7-3C1B595E6842}.Debug|Any CPU.Build.0 = Debug|Any CPU
		{0C4AF78A-C05E-4ADA-B6D7-3C1B595E6842}.Debug|x64.ActiveCfg = Debug|Any CPU
		{0C4AF78A-C05E-4ADA-B6D7-3C1B595E6842}.Debug|x64.Build.0 = Debug|Any CPU
		{0C4AF78A-C05E-4ADA-B6D7-3C1B595E6842}.Debug|x86.ActiveCfg = Debug|Any CPU
		{0C4AF78A-C05E-4ADA-B6D7-3C1B595E6842}.Debug|x86.Build.0 = Debug|Any CPU
		{0C4AF78A-C05E-4ADA-B6D7-3C1B595E6842}.Release|Any CPU.ActiveCfg = Release|Any CPU
		{0C4AF78A-C05E-4ADA-B6D7-3C1B595E6842}.Release|Any CPU.Build.0 = Release|Any CPU
		{0C4AF78A-C05E-4ADA-B6D7-3C1B595E6842}.Release|x64.ActiveCfg = Release|Any CPU
		{0C4AF78A-C05E-4ADA-B6D7-3C1B595E6842}.Release|x64.Build.0 = Release|Any CPU
		{0C4AF78A-C05E-4ADA-B6D7-3C1B595E6842}.Release|x86.ActiveCfg = Release|Any CPU
		{0C4AF78A-C05E-4ADA-B6D7-3C1B595E6842}.Release|x86.Build.0 = Release|Any CPU
		{D780EA8F-10AF-4699-8F5C-BA75DA38D0D1}.Debug|Any CPU.ActiveCfg = Debug|Any CPU
		{D780EA8F-10AF-4699-8F5C-BA75DA38D0D1}.Debug|Any CPU.Build.0 = Debug|Any CPU
		{D780EA8F-10AF-4699-8F5C-BA75DA38D0D1}.Debug|x64.ActiveCfg = Debug|Any CPU
		{D780EA8F-10AF-4699-8F5C-BA75DA38D0D1}.Debug|x64.Build.0 = Debug|Any CPU
		{D780EA8F-10AF-4699-8F5C-BA75DA38D0D1}.Debug|x86.ActiveCfg = Debug|Any CPU
		{D780EA8F-10AF-4699-8F5C-BA75DA38D0D1}.Debug|x86.Build.0 = Debug|Any CPU
		{D780EA8F-10AF-4699-8F5C-BA75DA38D0D1}.Release|Any CPU.ActiveCfg = Release|Any CPU
		{D780EA8F-10AF-4699-8F5C-BA75DA38D0D1}.Release|Any CPU.Build.0 = Release|Any CPU
		{D780EA8F-10AF-4699-8F5C-BA75DA38D0D1}.Release|x64.ActiveCfg = Release|Any CPU
		{D780EA8F-10AF-4699-8F5C-BA75DA38D0D1}.Release|x64.Build.0 = Release|Any CPU
		{D780EA8F-10AF-4699-8F5C-BA75DA38D0D1}.Release|x86.ActiveCfg = Release|Any CPU
		{D780EA8F-10AF-4699-8F5C-BA75DA38D0D1}.Release|x86.Build.0 = Release|Any CPU
		{ECE97A10-F308-40EA-83B5-965955B428CC}.Debug|Any CPU.ActiveCfg = Debug|Any CPU
		{ECE97A10-F308-40EA-83B5-965955B428CC}.Debug|Any CPU.Build.0 = Debug|Any CPU
		{ECE97A10-F308-40EA-83B5-965955B428CC}.Debug|x64.ActiveCfg = Debug|Any CPU
		{ECE97A10-F308-40EA-83B5-965955B428CC}.Debug|x64.Build.0 = Debug|Any CPU
		{ECE97A10-F308-40EA-83B5-965955B428CC}.Debug|x86.ActiveCfg = Debug|Any CPU
		{ECE97A10-F308-40EA-83B5-965955B428CC}.Debug|x86.Build.0 = Debug|Any CPU
		{ECE97A10-F308-40EA-83B5-965955B428CC}.Release|Any CPU.ActiveCfg = Release|Any CPU
		{ECE97A10-F308-40EA-83B5-965955B428CC}.Release|Any CPU.Build.0 = Release|Any CPU
		{ECE97A10-F308-40EA-83B5-965955B428CC}.Release|x64.ActiveCfg = Release|Any CPU
		{ECE97A10-F308-40EA-83B5-965955B428CC}.Release|x64.Build.0 = Release|Any CPU
		{ECE97A10-F308-40EA-83B5-965955B428CC}.Release|x86.ActiveCfg = Release|Any CPU
		{ECE97A10-F308-40EA-83B5-965955B428CC}.Release|x86.Build.0 = Release|Any CPU
		{9A8644B2-48C6-43A4-815C-E8A84E57D01F}.Debug|Any CPU.ActiveCfg = Debug|Any CPU
		{9A8644B2-48C6-43A4-815C-E8A84E57D01F}.Debug|Any CPU.Build.0 = Debug|Any CPU
		{9A8644B2-48C6-43A4-815C-E8A84E57D01F}.Debug|x64.ActiveCfg = Debug|Any CPU
		{9A8644B2-48C6-43A4-815C-E8A84E57D01F}.Debug|x64.Build.0 = Debug|Any CPU
		{9A8644B2-48C6-43A4-815C-E8A84E57D01F}.Debug|x86.ActiveCfg = Debug|Any CPU
		{9A8644B2-48C6-43A4-815C-E8A84E57D01F}.Debug|x86.Build.0 = Debug|Any CPU
		{9A8644B2-48C6-43A4-815C-E8A84E57D01F}.Release|Any CPU.ActiveCfg = Release|Any CPU
		{9A8644B2-48C6-43A4-815C-E8A84E57D01F}.Release|Any CPU.Build.0 = Release|Any CPU
		{9A8644B2-48C6-43A4-815C-E8A84E57D01F}.Release|x64.ActiveCfg = Release|Any CPU
		{9A8644B2-48C6-43A4-815C-E8A84E57D01F}.Release|x64.Build.0 = Release|Any CPU
		{9A8644B2-48C6-43A4-815C-E8A84E57D01F}.Release|x86.ActiveCfg = Release|Any CPU
		{9A8644B2-48C6-43A4-815C-E8A84E57D01F}.Release|x86.Build.0 = Release|Any CPU
		{21D87FD4-49A7-4FEA-AA73-5105410F9A63}.Debug|Any CPU.ActiveCfg = Debug|Any CPU
		{21D87FD4-49A7-4FEA-AA73-5105410F9A63}.Debug|Any CPU.Build.0 = Debug|Any CPU
		{21D87FD4-49A7-4FEA-AA73-5105410F9A63}.Debug|x64.ActiveCfg = Debug|Any CPU
		{21D87FD4-49A7-4FEA-AA73-5105410F9A63}.Debug|x64.Build.0 = Debug|Any CPU
		{21D87FD4-49A7-4FEA-AA73-5105410F9A63}.Debug|x86.ActiveCfg = Debug|Any CPU
		{21D87FD4-49A7-4FEA-AA73-5105410F9A63}.Debug|x86.Build.0 = Debug|Any CPU
		{21D87FD4-49A7-4FEA-AA73-5105410F9A63}.Release|Any CPU.ActiveCfg = Release|Any CPU
		{21D87FD4-49A7-4FEA-AA73-5105410F9A63}.Release|Any CPU.Build.0 = Release|Any CPU
		{21D87FD4-49A7-4FEA-AA73-5105410F9A63}.Release|x64.ActiveCfg = Release|Any CPU
		{21D87FD4-49A7-4FEA-AA73-5105410F9A63}.Release|x64.Build.0 = Release|Any CPU
		{21D87FD4-49A7-4FEA-AA73-5105410F9A63}.Release|x86.ActiveCfg = Release|Any CPU
		{21D87FD4-49A7-4FEA-AA73-5105410F9A63}.Release|x86.Build.0 = Release|Any CPU
		{866BE1C6-1BDD-442C-BA72-15EEB4643C19}.Debug|Any CPU.ActiveCfg = Debug|Any CPU
		{866BE1C6-1BDD-442C-BA72-15EEB4643C19}.Debug|Any CPU.Build.0 = Debug|Any CPU
		{866BE1C6-1BDD-442C-BA72-15EEB4643C19}.Debug|x64.ActiveCfg = Debug|Any CPU
		{866BE1C6-1BDD-442C-BA72-15EEB4643C19}.Debug|x64.Build.0 = Debug|Any CPU
		{866BE1C6-1BDD-442C-BA72-15EEB4643C19}.Debug|x86.ActiveCfg = Debug|Any CPU
		{866BE1C6-1BDD-442C-BA72-15EEB4643C19}.Debug|x86.Build.0 = Debug|Any CPU
		{866BE1C6-1BDD-442C-BA72-15EEB4643C19}.Release|Any CPU.ActiveCfg = Release|Any CPU
		{866BE1C6-1BDD-442C-BA72-15EEB4643C19}.Release|Any CPU.Build.0 = Release|Any CPU
		{866BE1C6-1BDD-442C-BA72-15EEB4643C19}.Release|x64.ActiveCfg = Release|Any CPU
		{866BE1C6-1BDD-442C-BA72-15EEB4643C19}.Release|x64.Build.0 = Release|Any CPU
		{866BE1C6-1BDD-442C-BA72-15EEB4643C19}.Release|x86.ActiveCfg = Release|Any CPU
		{866BE1C6-1BDD-442C-BA72-15EEB4643C19}.Release|x86.Build.0 = Release|Any CPU
		{9C2D9CA5-B9B0-47B9-88AC-ECCD5B60D03B}.Debug|Any CPU.ActiveCfg = Debug|Any CPU
		{9C2D9CA5-B9B0-47B9-88AC-ECCD5B60D03B}.Debug|Any CPU.Build.0 = Debug|Any CPU
		{9C2D9CA5-B9B0-47B9-88AC-ECCD5B60D03B}.Debug|x64.ActiveCfg = Debug|Any CPU
		{9C2D9CA5-B9B0-47B9-88AC-ECCD5B60D03B}.Debug|x64.Build.0 = Debug|Any CPU
		{9C2D9CA5-B9B0-47B9-88AC-ECCD5B60D03B}.Debug|x86.ActiveCfg = Debug|Any CPU
		{9C2D9CA5-B9B0-47B9-88AC-ECCD5B60D03B}.Debug|x86.Build.0 = Debug|Any CPU
		{9C2D9CA5-B9B0-47B9-88AC-ECCD5B60D03B}.Release|Any CPU.ActiveCfg = Release|Any CPU
		{9C2D9CA5-B9B0-47B9-88AC-ECCD5B60D03B}.Release|Any CPU.Build.0 = Release|Any CPU
		{9C2D9CA5-B9B0-47B9-88AC-ECCD5B60D03B}.Release|x64.ActiveCfg = Release|Any CPU
		{9C2D9CA5-B9B0-47B9-88AC-ECCD5B60D03B}.Release|x64.Build.0 = Release|Any CPU
		{9C2D9CA5-B9B0-47B9-88AC-ECCD5B60D03B}.Release|x86.ActiveCfg = Release|Any CPU
		{9C2D9CA5-B9B0-47B9-88AC-ECCD5B60D03B}.Release|x86.Build.0 = Release|Any CPU
		{9FE40806-63CD-425C-93AB-FD5BDFF9F65A}.Debug|Any CPU.ActiveCfg = Debug|Any CPU
		{9FE40806-63CD-425C-93AB-FD5BDFF9F65A}.Debug|Any CPU.Build.0 = Debug|Any CPU
		{9FE40806-63CD-425C-93AB-FD5BDFF9F65A}.Debug|x64.ActiveCfg = Debug|Any CPU
		{9FE40806-63CD-425C-93AB-FD5BDFF9F65A}.Debug|x64.Build.0 = Debug|Any CPU
		{9FE40806-63CD-425C-93AB-FD5BDFF9F65A}.Debug|x86.ActiveCfg = Debug|Any CPU
		{9FE40806-63CD-425C-93AB-FD5BDFF9F65A}.Debug|x86.Build.0 = Debug|Any CPU
		{9FE40806-63CD-425C-93AB-FD5BDFF9F65A}.Release|Any CPU.ActiveCfg = Release|Any CPU
		{9FE40806-63CD-425C-93AB-FD5BDFF9F65A}.Release|Any CPU.Build.0 = Release|Any CPU
		{9FE40806-63CD-425C-93AB-FD5BDFF9F65A}.Release|x64.ActiveCfg = Release|Any CPU
		{9FE40806-63CD-425C-93AB-FD5BDFF9F65A}.Release|x64.Build.0 = Release|Any CPU
		{9FE40806-63CD-425C-93AB-FD5BDFF9F65A}.Release|x86.ActiveCfg = Release|Any CPU
		{9FE40806-63CD-425C-93AB-FD5BDFF9F65A}.Release|x86.Build.0 = Release|Any CPU
		{EDA980CD-3724-4523-8C30-63BA9C21AC51}.Debug|Any CPU.ActiveCfg = Debug|Any CPU
		{EDA980CD-3724-4523-8C30-63BA9C21AC51}.Debug|Any CPU.Build.0 = Debug|Any CPU
		{EDA980CD-3724-4523-8C30-63BA9C21AC51}.Debug|x64.ActiveCfg = Debug|Any CPU
		{EDA980CD-3724-4523-8C30-63BA9C21AC51}.Debug|x64.Build.0 = Debug|Any CPU
		{EDA980CD-3724-4523-8C30-63BA9C21AC51}.Debug|x86.ActiveCfg = Debug|Any CPU
		{EDA980CD-3724-4523-8C30-63BA9C21AC51}.Debug|x86.Build.0 = Debug|Any CPU
		{EDA980CD-3724-4523-8C30-63BA9C21AC51}.Release|Any CPU.ActiveCfg = Release|Any CPU
		{EDA980CD-3724-4523-8C30-63BA9C21AC51}.Release|Any CPU.Build.0 = Release|Any CPU
		{EDA980CD-3724-4523-8C30-63BA9C21AC51}.Release|x64.ActiveCfg = Release|Any CPU
		{EDA980CD-3724-4523-8C30-63BA9C21AC51}.Release|x64.Build.0 = Release|Any CPU
		{EDA980CD-3724-4523-8C30-63BA9C21AC51}.Release|x86.ActiveCfg = Release|Any CPU
		{EDA980CD-3724-4523-8C30-63BA9C21AC51}.Release|x86.Build.0 = Release|Any CPU
		{3E6659C1-9E95-49EF-96AE-2749AE31CE84}.Debug|Any CPU.ActiveCfg = Debug|Any CPU
		{3E6659C1-9E95-49EF-96AE-2749AE31CE84}.Debug|Any CPU.Build.0 = Debug|Any CPU
		{3E6659C1-9E95-49EF-96AE-2749AE31CE84}.Debug|x64.ActiveCfg = Debug|Any CPU
		{3E6659C1-9E95-49EF-96AE-2749AE31CE84}.Debug|x64.Build.0 = Debug|Any CPU
		{3E6659C1-9E95-49EF-96AE-2749AE31CE84}.Debug|x86.ActiveCfg = Debug|Any CPU
		{3E6659C1-9E95-49EF-96AE-2749AE31CE84}.Debug|x86.Build.0 = Debug|Any CPU
		{3E6659C1-9E95-49EF-96AE-2749AE31CE84}.Release|Any CPU.ActiveCfg = Release|Any CPU
		{3E6659C1-9E95-49EF-96AE-2749AE31CE84}.Release|Any CPU.Build.0 = Release|Any CPU
		{3E6659C1-9E95-49EF-96AE-2749AE31CE84}.Release|x64.ActiveCfg = Release|Any CPU
		{3E6659C1-9E95-49EF-96AE-2749AE31CE84}.Release|x64.Build.0 = Release|Any CPU
		{3E6659C1-9E95-49EF-96AE-2749AE31CE84}.Release|x86.ActiveCfg = Release|Any CPU
		{3E6659C1-9E95-49EF-96AE-2749AE31CE84}.Release|x86.Build.0 = Release|Any CPU
	EndGlobalSection
	GlobalSection(SolutionProperties) = preSolution
		HideSolutionNode = FALSE
	EndGlobalSection
EndGlobal
